
Microsoft Visual Studio Solution File, Format Version 12.00
# Visual Studio Version 17
VisualStudioVersion = 17.14.36623.8 d17.14
MinimumVisualStudioVersion = 10.0.40219.1
Project("{FAE04EC0-301F-11D3-BF4B-00C04F79EFBC}") = "dhProjekt", "dhProjekt.csproj", "{431BB3B2-957D-4539-A9BB-B1B066AE36DB}"
EndProject
Global
	GlobalSection(SolutionConfigurationPlatforms) = preSolution
		Debug|Any CPU = Debug|Any CPU
		Release|Any CPU = Release|Any CPU
	EndGlobalSection
	GlobalSection(ProjectConfigurationPlatforms) = postSolution
		{431BB3B2-957D-4539-A9BB-B1B066AE36DB}.Debug|Any CPU.ActiveCfg = Debug|Any CPU
		{431BB3B2-957D-4539-A9BB-B1B066AE36DB}.Debug|Any CPU.Build.0 = Debug|Any CPU
		{431BB3B2-957D-4539-A9BB-B1B066AE36DB}.Release|Any CPU.ActiveCfg = Release|Any CPU
		{431BB3B2-957D-4539-A9BB-B1B066AE36DB}.Release|Any CPU.Build.0 = Release|Any CPU
	EndGlobalSection
	GlobalSection(SolutionProperties) = preSolution
		HideSolutionNode = FALSE
	EndGlobalSection
	GlobalSection(ExtensibilityGlobals) = postSolution
		SolutionGuid = {BBF6EC6B-7987-493C-83D0-3EE03D9D4895}
	EndGlobalSection
EndGlobal
